
Microsoft Visual Studio Solution File, Format Version 12.00
# Visual Studio Version 16
VisualStudioVersion = 16.0.808.3
MinimumVisualStudioVersion = 10.0.40219.1
Project("{FAE04EC0-301F-11D3-BF4B-00C04F79EFBC}") = "NetMVCAngularJs", "NetMVCAngularJs\NetMVCAngularJs.csproj", "{BCED9117-A417-40DE-85FD-B4FB7C287320}"
EndProject
Global
	GlobalSection(SolutionConfigurationPlatforms) = preSolution
		Debug|Any CPU = Debug|Any CPU
		Release|Any CPU = Release|Any CPU
	EndGlobalSection
	GlobalSection(ProjectConfigurationPlatforms) = postSolution
		{BCED9117-A417-40DE-85FD-B4FB7C287320}.Debug|Any CPU.ActiveCfg = Debug|Any CPU
		{BCED9117-A417-40DE-85FD-B4FB7C287320}.Debug|Any CPU.Build.0 = Debug|Any CPU
		{BCED9117-A417-40DE-85FD-B4FB7C287320}.Release|Any CPU.ActiveCfg = Release|Any CPU
		{BCED9117-A417-40DE-85FD-B4FB7C287320}.Release|Any CPU.Build.0 = Release|Any CPU
	EndGlobalSection
	GlobalSection(SolutionProperties) = preSolution
		HideSolutionNode = FALSE
	EndGlobalSection
	GlobalSection(ExtensibilityGlobals) = postSolution
		SolutionGuid = {97A5DAEE-5B55-48BD-9C7C-DEB3DB9625A4}
	EndGlobalSection
EndGlobal
